Microsoft Visual Studio Solution File, Format Version 8.00
Project("{8BC9CEB8-8B4A-11D0-8D11-00A0C91BC942}") = "libogg", "..\..\lib\libogg\win32\VS2003\libogg\libogg.vcproj", "{15CBFEFF-7965-41F5-B4E2-21E8795C9159}"
	ProjectSection(ProjectDependencies) = postProject
	EndProjectSection
EndProject
Project("{8BC9CEB8-8B4A-11D0-8D11-00A0C91BC942}") = "libspeex", "..\..\lib\libspeex\win32\VS2003\libspeex\libspeex.vcproj", "{E972C52F-9E85-4D65-B19C-031E511E9DB4}"
	ProjectSection(ProjectDependencies) = postProject
	EndProjectSection
EndProject
Project("{8BC9CEB8-8B4A-11D0-8D11-00A0C91BC942}") = "libvorbis", "..\..\lib\libvorbis\win32\VS2003\libvorbis\libvorbis.vcproj", "{3A214E06-B95E-4D61-A291-1F8DF2EC10FD}"
	ProjectSection(ProjectDependencies) = postProject
		{15CBFEFF-7965-41F5-B4E2-21E8795C9159} = {15CBFEFF-7965-41F5-B4E2-21E8795C9159}
	EndProjectSection
EndProject
Project("{8BC9CEB8-8B4A-11D0-8D11-00A0C91BC942}") = "libtheora", "..\..\lib\libtheora\win32\VS2003\libtheora\libtheora.vcproj", "{653F3841-3F26-49B9-AFCF-091DB4B67031}"
	ProjectSection(ProjectDependencies) = postProject
		{15CBFEFF-7965-41F5-B4E2-21E8795C9159} = {15CBFEFF-7965-41F5-B4E2-21E8795C9159}
	EndProjectSection
EndProject
Project("{8BC9CEB8-8B4A-11D0-8D11-00A0C91BC942}") = "speexdec", "..\..\lib\libspeex\win32\VS2003\speexdec\speexdec.vcproj", "{961B8359-1393-4EF7-B8E0-67B6FE1C6DA8}"
	ProjectSection(ProjectDependencies) = postProject
		{E972C52F-9E85-4D65-B19C-031E511E9DB4} = {E972C52F-9E85-4D65-B19C-031E511E9DB4}
		{15CBFEFF-7965-41F5-B4E2-21E8795C9159} = {15CBFEFF-7965-41F5-B4E2-21E8795C9159}
	EndProjectSection
EndProject
Project("{8BC9CEB8-8B4A-11D0-8D11-00A0C91BC942}") = "speexenc", "..\..\lib\libspeex\win32\VS2003\speexenc\speexenc.vcproj", "{961B8359-1393-4EF7-B8E0-67B6FE1C6DA8}"
	ProjectSection(ProjectDependencies) = postProject
		{E972C52F-9E85-4D65-B19C-031E511E9DB4} = {E972C52F-9E85-4D65-B19C-031E511E9DB4}
		{15CBFEFF-7965-41F5-B4E2-21E8795C9159} = {15CBFEFF-7965-41F5-B4E2-21E8795C9159}
	EndProjectSection
EndProject
Project("{8BC9CEB8-8B4A-11D0-8D11-00A0C91BC942}") = "vorbisenc", "..\..\lib\libvorbis\win32\VS2003\vorbisenc\vorbisenc.vcproj", "{E48B6A8B-F7FE-4DA8-8248-E64DBAC4F56C}"
	ProjectSection(ProjectDependencies) = postProject
		{3A214E06-B95E-4D61-A291-1F8DF2EC10FD} = {3A214E06-B95E-4D61-A291-1F8DF2EC10FD}
		{15CBFEFF-7965-41F5-B4E2-21E8795C9159} = {15CBFEFF-7965-41F5-B4E2-21E8795C9159}
	EndProjectSection
EndProject
Project("{8BC9CEB8-8B4A-11D0-8D11-00A0C91BC942}") = "vorbisdec", "..\..\lib\libvorbis\win32\VS2003\vorbisdec\vorbisdec.vcproj", "{5833EEA1-1068-431F-A6E5-316E7DC5D90A}"
	ProjectSection(ProjectDependencies) = postProject
		{3A214E06-B95E-4D61-A291-1F8DF2EC10FD} = {3A214E06-B95E-4D61-A291-1F8DF2EC10FD}
		{15CBFEFF-7965-41F5-B4E2-21E8795C9159} = {15CBFEFF-7965-41F5-B4E2-21E8795C9159}
	EndProjectSection
EndProject
Project("{8BC9CEB8-8B4A-11D0-8D11-00A0C91BC942}") = "oggenc", "..\..\lib\vorbis-tools\win32\VS2003\oggenc\oggenc.vcproj", "{10DA267E-7738-4E7E-9C31-9D0DF49A0B96}"
	ProjectSection(ProjectDependencies) = postProject
		{3A214E06-B95E-4D61-A291-1F8DF2EC10FD} = {3A214E06-B95E-4D61-A291-1F8DF2EC10FD}
		{15CBFEFF-7965-41F5-B4E2-21E8795C9159} = {15CBFEFF-7965-41F5-B4E2-21E8795C9159}
	EndProjectSection
EndProject
Project("{8BC9CEB8-8B4A-11D0-8D11-00A0C91BC942}") = "vorbiscomment", "..\..\lib\vorbis-tools\win32\VS2003\vorbiscomment\vorbiscomment.vcproj", "{851A5E6A-C2D8-44C4-A7AC-A5F7E2001FA9}"
	ProjectSection(ProjectDependencies) = postProject
		{3A214E06-B95E-4D61-A291-1F8DF2EC10FD} = {3A214E06-B95E-4D61-A291-1F8DF2EC10FD}
		{15CBFEFF-7965-41F5-B4E2-21E8795C9159} = {15CBFEFF-7965-41F5-B4E2-21E8795C9159}
	EndProjectSection
EndProject
Project("{8BC9CEB8-8B4A-11D0-8D11-00A0C91BC942}") = "ogginfo", "..\..\lib\vorbis-tools\win32\VS2003\ogginfo\ogginfo.vcproj", "{D60948A2-4781-435B-9609-786C0B564DBD}"
	ProjectSection(ProjectDependencies) = postProject
		{3A214E06-B95E-4D61-A291-1F8DF2EC10FD} = {3A214E06-B95E-4D61-A291-1F8DF2EC10FD}
		{15CBFEFF-7965-41F5-B4E2-21E8795C9159} = {15CBFEFF-7965-41F5-B4E2-21E8795C9159}
	EndProjectSection
EndProject
Project("{8BC9CEB8-8B4A-11D0-8D11-00A0C91BC942}") = "oggdec", "..\..\lib\vorbis-tools\win32\VS2003\oggdec\oggdec.vcproj", "{D01454C5-2C94-45E1-917C-1C5CBC6990A0}"
	ProjectSection(ProjectDependencies) = postProject
		{3A214E06-B95E-4D61-A291-1F8DF2EC10FD} = {3A214E06-B95E-4D61-A291-1F8DF2EC10FD}
		{CEBDE98B-A6AA-46E6-BC79-FAAF823DB9EC} = {CEBDE98B-A6AA-46E6-BC79-FAAF823DB9EC}
	EndProjectSection
EndProject
Project("{8BC9CEB8-8B4A-11D0-8D11-00A0C91BC942}") = "libvorbisfile", "..\..\lib\libvorbis\win32\VS2003\libvorbisfile\libvorbisfile.vcproj", "{CEBDE98B-A6AA-46E6-BC79-FAAF823DB9EC}"
	ProjectSection(ProjectDependencies) = postProject
		{3A214E06-B95E-4D61-A291-1F8DF2EC10FD} = {3A214E06-B95E-4D61-A291-1F8DF2EC10FD}
		{15CBFEFF-7965-41F5-B4E2-21E8795C9159} = {15CBFEFF-7965-41F5-B4E2-21E8795C9159}
	EndProjectSection
EndProject
Global
	GlobalSection(SolutionConfiguration) = preSolution
		Debug = Debug
		Release = Release
		Release_SSE = Release_SSE
		Release_SSE2 = Release_SSE2
	EndGlobalSection
	GlobalSection(ProjectConfiguration) = postSolution
		{15CBFEFF-7965-41F5-B4E2-21E8795C9159}.Debug.ActiveCfg = Debug|Win32
		{15CBFEFF-7965-41F5-B4E2-21E8795C9159}.Debug.Build.0 = Debug|Win32
		{15CBFEFF-7965-41F5-B4E2-21E8795C9159}.Release.ActiveCfg = Release|Win32
		{15CBFEFF-7965-41F5-B4E2-21E8795C9159}.Release.Build.0 = Release|Win32
		{15CBFEFF-7965-41F5-B4E2-21E8795C9159}.Release_SSE.ActiveCfg = Release_SSE|Win32
		{15CBFEFF-7965-41F5-B4E2-21E8795C9159}.Release_SSE.Build.0 = Release_SSE|Win32
		{15CBFEFF-7965-41F5-B4E2-21E8795C9159}.Release_SSE2.ActiveCfg = Release_SSE2|Win32
		{15CBFEFF-7965-41F5-B4E2-21E8795C9159}.Release_SSE2.Build.0 = Release_SSE2|Win32
		{E972C52F-9E85-4D65-B19C-031E511E9DB4}.Debug.ActiveCfg = Debug|Win32
		{E972C52F-9E85-4D65-B19C-031E511E9DB4}.Debug.Build.0 = Debug|Win32
		{E972C52F-9E85-4D65-B19C-031E511E9DB4}.Release.ActiveCfg = Release|Win32
		{E972C52F-9E85-4D65-B19C-031E511E9DB4}.Release.Build.0 = Release|Win32
		{E972C52F-9E85-4D65-B19C-031E511E9DB4}.Release_SSE.ActiveCfg = Release_SSE|Win32
		{E972C52F-9E85-4D65-B19C-031E511E9DB4}.Release_SSE.Build.0 = Release_SSE|Win32
		{E972C52F-9E85-4D65-B19C-031E511E9DB4}.Release_SSE2.ActiveCfg = Release_SSE2|Win32
		{E972C52F-9E85-4D65-B19C-031E511E9DB4}.Release_SSE2.Build.0 = Release_SSE2|Win32
		{3A214E06-B95E-4D61-A291-1F8DF2EC10FD}.Debug.ActiveCfg = Debug|Win32
		{3A214E06-B95E-4D61-A291-1F8DF2EC10FD}.Debug.Build.0 = Debug|Win32
		{3A214E06-B95E-4D61-A291-1F8DF2EC10FD}.Release.ActiveCfg = Release|Win32
		{3A214E06-B95E-4D61-A291-1F8DF2EC10FD}.Release.Build.0 = Release|Win32
		{3A214E06-B95E-4D61-A291-1F8DF2EC10FD}.Release_SSE.ActiveCfg = Release_SSE|Win32
		{3A214E06-B95E-4D61-A291-1F8DF2EC10FD}.Release_SSE.Build.0 = Release_SSE|Win32
		{3A214E06-B95E-4D61-A291-1F8DF2EC10FD}.Release_SSE2.ActiveCfg = Release_SSE2|Win32
		{3A214E06-B95E-4D61-A291-1F8DF2EC10FD}.Release_SSE2.Build.0 = Release_SSE2|Win32
		{653F3841-3F26-49B9-AFCF-091DB4B67031}.Debug.ActiveCfg = Debug|Win32
		{653F3841-3F26-49B9-AFCF-091DB4B67031}.Debug.Build.0 = Debug|Win32
		{653F3841-3F26-49B9-AFCF-091DB4B67031}.Release.ActiveCfg = Release|Win32
		{653F3841-3F26-49B9-AFCF-091DB4B67031}.Release.Build.0 = Release|Win32
		{653F3841-3F26-49B9-AFCF-091DB4B67031}.Release_SSE.ActiveCfg = Release_SSE|Win32
		{653F3841-3F26-49B9-AFCF-091DB4B67031}.Release_SSE.Build.0 = Release_SSE|Win32
		{653F3841-3F26-49B9-AFCF-091DB4B67031}.Release_SSE2.ActiveCfg = Release_SSE2|Win32
		{653F3841-3F26-49B9-AFCF-091DB4B67031}.Release_SSE2.Build.0 = Release_SSE2|Win32
		{961B8359-1393-4EF7-B8E0-67B6FE1C6DA8}.Debug.ActiveCfg = Debug|Win32
		{961B8359-1393-4EF7-B8E0-67B6FE1C6DA8}.Debug.Build.0 = Debug|Win32
		{961B8359-1393-4EF7-B8E0-67B6FE1C6DA8}.Release.ActiveCfg = Release|Win32
		{961B8359-1393-4EF7-B8E0-67B6FE1C6DA8}.Release.Build.0 = Release|Win32
		{961B8359-1393-4EF7-B8E0-67B6FE1C6DA8}.Release_SSE.ActiveCfg = Release_SSE|Win32
		{961B8359-1393-4EF7-B8E0-67B6FE1C6DA8}.Release_SSE.Build.0 = Release_SSE|Win32
		{961B8359-1393-4EF7-B8E0-67B6FE1C6DA8}.Release_SSE2.ActiveCfg = Release_SSE2|Win32
		{961B8359-1393-4EF7-B8E0-67B6FE1C6DA8}.Release_SSE2.Build.0 = Release_SSE2|Win32
		{961B8359-1393-4EF7-B8E0-67B6FE1C6DA8}.Debug.ActiveCfg = Debug|Win32
		{961B8359-1393-4EF7-B8E0-67B6FE1C6DA8}.Debug.Build.0 = Debug|Win32
		{961B8359-1393-4EF7-B8E0-67B6FE1C6DA8}.Release.ActiveCfg = Release|Win32
		{961B8359-1393-4EF7-B8E0-67B6FE1C6DA8}.Release.Build.0 = Release|Win32
		{961B8359-1393-4EF7-B8E0-67B6FE1C6DA8}.Release_SSE.ActiveCfg = Release_SSE|Win32
		{961B8359-1393-4EF7-B8E0-67B6FE1C6DA8}.Release_SSE.Build.0 = Release_SSE|Win32
		{961B8359-1393-4EF7-B8E0-67B6FE1C6DA8}.Release_SSE2.ActiveCfg = Release_SSE2|Win32
		{961B8359-1393-4EF7-B8E0-67B6FE1C6DA8}.Release_SSE2.Build.0 = Release_SSE2|Win32
		{E48B6A8B-F7FE-4DA8-8248-E64DBAC4F56C}.Debug.ActiveCfg = Debug|Win32
		{E48B6A8B-F7FE-4DA8-8248-E64DBAC4F56C}.Debug.Build.0 = Debug|Win32
		{E48B6A8B-F7FE-4DA8-8248-E64DBAC4F56C}.Release.ActiveCfg = Release|Win32
		{E48B6A8B-F7FE-4DA8-8248-E64DBAC4F56C}.Release.Build.0 = Release|Win32
		{E48B6A8B-F7FE-4DA8-8248-E64DBAC4F56C}.Release_SSE.ActiveCfg = Release_SSE|Win32
		{E48B6A8B-F7FE-4DA8-8248-E64DBAC4F56C}.Release_SSE.Build.0 = Release_SSE|Win32
		{E48B6A8B-F7FE-4DA8-8248-E64DBAC4F56C}.Release_SSE2.ActiveCfg = Release_SSE2|Win32
		{E48B6A8B-F7FE-4DA8-8248-E64DBAC4F56C}.Release_SSE2.Build.0 = Release_SSE2|Win32
		{5833EEA1-1068-431F-A6E5-316E7DC5D90A}.Debug.ActiveCfg = Debug|Win32
		{5833EEA1-1068-431F-A6E5-316E7DC5D90A}.Debug.Build.0 = Debug|Win32
		{5833EEA1-1068-431F-A6E5-316E7DC5D90A}.Release.ActiveCfg = Release|Win32
		{5833EEA1-1068-431F-A6E5-316E7DC5D90A}.Release.Build.0 = Release|Win32
		{5833EEA1-1068-431F-A6E5-316E7DC5D90A}.Release_SSE.ActiveCfg = Release_SSE|Win32
		{5833EEA1-1068-431F-A6E5-316E7DC5D90A}.Release_SSE.Build.0 = Release_SSE|Win32
		{5833EEA1-1068-431F-A6E5-316E7DC5D90A}.Release_SSE2.ActiveCfg = Release_SSE2|Win32
		{5833EEA1-1068-431F-A6E5-316E7DC5D90A}.Release_SSE2.Build.0 = Release_SSE2|Win32
		{10DA267E-7738-4E7E-9C31-9D0DF49A0B96}.Debug.ActiveCfg = Debug|Win32
		{10DA267E-7738-4E7E-9C31-9D0DF49A0B96}.Debug.Build.0 = Debug|Win32
		{10DA267E-7738-4E7E-9C31-9D0DF49A0B96}.Release.ActiveCfg = Release|Win32
		{10DA267E-7738-4E7E-9C31-9D0DF49A0B96}.Release.Build.0 = Release|Win32
		{10DA267E-7738-4E7E-9C31-9D0DF49A0B96}.Release_SSE.ActiveCfg = Release|Win32
		{10DA267E-7738-4E7E-9C31-9D0DF49A0B96}.Release_SSE.Build.0 = Release|Win32
		{10DA267E-7738-4E7E-9C31-9D0DF49A0B96}.Release_SSE2.ActiveCfg = Release|Win32
		{10DA267E-7738-4E7E-9C31-9D0DF49A0B96}.Release_SSE2.Build.0 = Release|Win32
		{851A5E6A-C2D8-44C4-A7AC-A5F7E2001FA9}.Debug.ActiveCfg = Debug|Win32
		{851A5E6A-C2D8-44C4-A7AC-A5F7E2001FA9}.Debug.Build.0 = Debug|Win32
		{851A5E6A-C2D8-44C4-A7AC-A5F7E2001FA9}.Release.ActiveCfg = Release|Win32
		{851A5E6A-C2D8-44C4-A7AC-A5F7E2001FA9}.Release.Build.0 = Release|Win32
		{851A5E6A-C2D8-44C4-A7AC-A5F7E2001FA9}.Release_SSE.ActiveCfg = Release|Win32
		{851A5E6A-C2D8-44C4-A7AC-A5F7E2001FA9}.Release_SSE.Build.0 = Release|Win32
		{851A5E6A-C2D8-44C4-A7AC-A5F7E2001FA9}.Release_SSE2.ActiveCfg = Release|Win32
		{851A5E6A-C2D8-44C4-A7AC-A5F7E2001FA9}.Release_SSE2.Build.0 = Release|Win32
		{D60948A2-4781-435B-9609-786C0B564DBD}.Debug.ActiveCfg = Debug|Win32
		{D60948A2-4781-435B-9609-786C0B564DBD}.Debug.Build.0 = Debug|Win32
		{D60948A2-4781-435B-9609-786C0B564DBD}.Release.ActiveCfg = Release|Win32
		{D60948A2-4781-435B-9609-786C0B564DBD}.Release.Build.0 = Release|Win32
		{D60948A2-4781-435B-9609-786C0B564DBD}.Release_SSE.ActiveCfg = Release|Win32
		{D60948A2-4781-435B-9609-786C0B564DBD}.Release_SSE.Build.0 = Release|Win32
		{D60948A2-4781-435B-9609-786C0B564DBD}.Release_SSE2.ActiveCfg = Release|Win32
		{D60948A2-4781-435B-9609-786C0B564DBD}.Release_SSE2.Build.0 = Release|Win32
		{D01454C5-2C94-45E1-917C-1C5CBC6990A0}.Debug.ActiveCfg = Debug|Win32
		{D01454C5-2C94-45E1-917C-1C5CBC6990A0}.Debug.Build.0 = Debug|Win32
		{D01454C5-2C94-45E1-917C-1C5CBC6990A0}.Release.ActiveCfg = Release|Win32
		{D01454C5-2C94-45E1-917C-1C5CBC6990A0}.Release.Build.0 = Release|Win32
		{D01454C5-2C94-45E1-917C-1C5CBC6990A0}.Release_SSE.ActiveCfg = Release|Win32
		{D01454C5-2C94-45E1-917C-1C5CBC6990A0}.Release_SSE.Build.0 = Release|Win32
		{D01454C5-2C94-45E1-917C-1C5CBC6990A0}.Release_SSE2.ActiveCfg = Release|Win32
		{D01454C5-2C94-45E1-917C-1C5CBC6990A0}.Release_SSE2.Build.0 = Release|Win32
		{CEBDE98B-A6AA-46E6-BC79-FAAF823DB9EC}.Debug.ActiveCfg = Debug|Win32
		{CEBDE98B-A6AA-46E6-BC79-FAAF823DB9EC}.Debug.Build.0 = Debug|Win32
		{CEBDE98B-A6AA-46E6-BC79-FAAF823DB9EC}.Release.ActiveCfg = Release|Win32
		{CEBDE98B-A6AA-46E6-BC79-FAAF823DB9EC}.Release.Build.0 = Release|Win32
		{CEBDE98B-A6AA-46E6-BC79-FAAF823DB9EC}.Release_SSE.ActiveCfg = Release|Win32
		{CEBDE98B-A6AA-46E6-BC79-FAAF823DB9EC}.Release_SSE.Build.0 = Release|Win32
		{CEBDE98B-A6AA-46E6-BC79-FAAF823DB9EC}.Release_SSE2.ActiveCfg = Release|Win32
		{CEBDE98B-A6AA-46E6-BC79-FAAF823DB9EC}.Release_SSE2.Build.0 = Release|Win32
	EndGlobalSection
	GlobalSection(ExtensibilityGlobals) = postSolution
	EndGlobalSection
	GlobalSection(ExtensibilityAddIns) = postSolution
	EndGlobalSection
EndGlobal
