Microsoft Visual Studio Solution File, Format Version 9.00
# Visual Studio 2005
Project("{8BC9CEB8-8B4A-11D0-8D11-00A0C91BC942}") = "libogg", "..\..\lib\libogg\win32\VS2005\libogg\libogg.vcproj", "{15CBFEFF-7965-41F5-B4E2-21E8795C9159}"
EndProject
Project("{8BC9CEB8-8B4A-11D0-8D11-00A0C91BC942}") = "libspeex", "..\..\lib\libspeex\win32\VS2005\libspeex\libspeex.vcproj", "{E972C52F-9E85-4D65-B19C-031E511E9DB4}"
EndProject
Project("{8BC9CEB8-8B4A-11D0-8D11-00A0C91BC942}") = "libvorbis", "..\..\lib\libvorbis\win32\VS2005\libvorbis\libvorbis.vcproj", "{3A214E06-B95E-4D61-A291-1F8DF2EC10FD}"
	ProjectSection(ProjectDependencies) = postProject
		{15CBFEFF-7965-41F5-B4E2-21E8795C9159} = {15CBFEFF-7965-41F5-B4E2-21E8795C9159}
	EndProjectSection
EndProject
Project("{8BC9CEB8-8B4A-11D0-8D11-00A0C91BC942}") = "libtheora", "..\..\lib\libtheora\win32\VS2005\libtheora\libtheora.vcproj", "{653F3841-3F26-49B9-AFCF-091DB4B67031}"
	ProjectSection(ProjectDependencies) = postProject
		{15CBFEFF-7965-41F5-B4E2-21E8795C9159} = {15CBFEFF-7965-41F5-B4E2-21E8795C9159}
	EndProjectSection
EndProject
Project("{8BC9CEB8-8B4A-11D0-8D11-00A0C91BC942}") = "speexdec", "..\..\lib\libspeex\win32\VS2005\speexdec\speexdec.vcproj", "{961B8359-1393-4EF7-B8E0-67B6FE1C6DA8}"
	ProjectSection(ProjectDependencies) = postProject
		{E972C52F-9E85-4D65-B19C-031E511E9DB4} = {E972C52F-9E85-4D65-B19C-031E511E9DB4}
		{15CBFEFF-7965-41F5-B4E2-21E8795C9159} = {15CBFEFF-7965-41F5-B4E2-21E8795C9159}
	EndProjectSection
EndProject
Project("{8BC9CEB8-8B4A-11D0-8D11-00A0C91BC942}") = "speexenc", "..\..\lib\libspeex\win32\VS2005\speexenc\speexenc.vcproj", "{CD6043D1-D5E7-46D0-854F-00BB1BC308FC}"
	ProjectSection(ProjectDependencies) = postProject
		{E972C52F-9E85-4D65-B19C-031E511E9DB4} = {E972C52F-9E85-4D65-B19C-031E511E9DB4}
		{15CBFEFF-7965-41F5-B4E2-21E8795C9159} = {15CBFEFF-7965-41F5-B4E2-21E8795C9159}
	EndProjectSection
EndProject
Project("{8BC9CEB8-8B4A-11D0-8D11-00A0C91BC942}") = "vorbisenc", "..\..\lib\libvorbis\win32\VS2005\vorbisenc\vorbisenc.vcproj", "{E48B6A8B-F7FE-4DA8-8248-E64DBAC4F56C}"
	ProjectSection(ProjectDependencies) = postProject
		{3A214E06-B95E-4D61-A291-1F8DF2EC10FD} = {3A214E06-B95E-4D61-A291-1F8DF2EC10FD}
		{15CBFEFF-7965-41F5-B4E2-21E8795C9159} = {15CBFEFF-7965-41F5-B4E2-21E8795C9159}
	EndProjectSection
EndProject
Project("{8BC9CEB8-8B4A-11D0-8D11-00A0C91BC942}") = "vorbisdec", "..\..\lib\libvorbis\win32\VS2005\vorbisdec\vorbisdec.vcproj", "{5833EEA1-1068-431F-A6E5-316E7DC5D90A}"
	ProjectSection(ProjectDependencies) = postProject
		{3A214E06-B95E-4D61-A291-1F8DF2EC10FD} = {3A214E06-B95E-4D61-A291-1F8DF2EC10FD}
		{15CBFEFF-7965-41F5-B4E2-21E8795C9159} = {15CBFEFF-7965-41F5-B4E2-21E8795C9159}
	EndProjectSection
EndProject
Project("{8BC9CEB8-8B4A-11D0-8D11-00A0C91BC942}") = "oggenc", "..\..\lib\vorbis-tools\win32\VS2005\oggenc\oggenc.vcproj", "{10DA267E-7738-4E7E-9C31-9D0DF49A0B96}"
	ProjectSection(ProjectDependencies) = postProject
		{3A214E06-B95E-4D61-A291-1F8DF2EC10FD} = {3A214E06-B95E-4D61-A291-1F8DF2EC10FD}
		{15CBFEFF-7965-41F5-B4E2-21E8795C9159} = {15CBFEFF-7965-41F5-B4E2-21E8795C9159}
	EndProjectSection
EndProject
Project("{8BC9CEB8-8B4A-11D0-8D11-00A0C91BC942}") = "vorbiscomment", "..\..\lib\vorbis-tools\win32\VS2005\vorbiscomment\vorbiscomment.vcproj", "{851A5E6A-C2D8-44C4-A7AC-A5F7E2001FA9}"
	ProjectSection(ProjectDependencies) = postProject
		{3A214E06-B95E-4D61-A291-1F8DF2EC10FD} = {3A214E06-B95E-4D61-A291-1F8DF2EC10FD}
		{15CBFEFF-7965-41F5-B4E2-21E8795C9159} = {15CBFEFF-7965-41F5-B4E2-21E8795C9159}
	EndProjectSection
EndProject
Project("{8BC9CEB8-8B4A-11D0-8D11-00A0C91BC942}") = "ogginfo", "..\..\lib\vorbis-tools\win32\VS2005\ogginfo\ogginfo.vcproj", "{D60948A2-4781-435B-9609-786C0B564DBD}"
	ProjectSection(ProjectDependencies) = postProject
		{3A214E06-B95E-4D61-A291-1F8DF2EC10FD} = {3A214E06-B95E-4D61-A291-1F8DF2EC10FD}
		{15CBFEFF-7965-41F5-B4E2-21E8795C9159} = {15CBFEFF-7965-41F5-B4E2-21E8795C9159}
	EndProjectSection
EndProject
Project("{8BC9CEB8-8B4A-11D0-8D11-00A0C91BC942}") = "oggdec", "..\..\lib\vorbis-tools\win32\VS2005\oggdec\oggdec.vcproj", "{D01454C5-2C94-45E1-917C-1C5CBC6990A0}"
	ProjectSection(ProjectDependencies) = postProject
		{3A214E06-B95E-4D61-A291-1F8DF2EC10FD} = {3A214E06-B95E-4D61-A291-1F8DF2EC10FD}
		{CEBDE98B-A6AA-46E6-BC79-FAAF823DB9EC} = {CEBDE98B-A6AA-46E6-BC79-FAAF823DB9EC}
	EndProjectSection
EndProject
Project("{8BC9CEB8-8B4A-11D0-8D11-00A0C91BC942}") = "libvorbisfile", "..\..\lib\libvorbis\win32\VS2005\libvorbisfile\libvorbisfile.vcproj", "{CEBDE98B-A6AA-46E6-BC79-FAAF823DB9EC}"
	ProjectSection(ProjectDependencies) = postProject
		{3A214E06-B95E-4D61-A291-1F8DF2EC10FD} = {3A214E06-B95E-4D61-A291-1F8DF2EC10FD}
		{15CBFEFF-7965-41F5-B4E2-21E8795C9159} = {15CBFEFF-7965-41F5-B4E2-21E8795C9159}
	EndProjectSection
EndProject
Project("{8BC9CEB8-8B4A-11D0-8D11-00A0C91BC942}") = "libogg2", "..\..\lib\libogg2\win32\VS2005\libogg2\libogg2.vcproj", "{A0CB6805-D31A-43E8-934A-8428180102A6}"
EndProject
Project("{8BC9CEB8-8B4A-11D0-8D11-00A0C91BC942}") = "libtremor", "..\..\lib\libtremor\win32\VS2005\libtremor\libtremor.vcproj", "{7A8E774E-DD94-43B8-8758-6F9F656CC8D2}"
EndProject
Project("{8BC9CEB8-8B4A-11D0-8D11-00A0C91BC942}") = "libtheora-exp_dec", "..\..\lib\libtheora-exp\win32\VS2005\libtheora-exp_dec\libtheora-exp_dec.vcproj", "{A95E7EE6-21EB-4D62-A26F-95A2F5F069C5}"
EndProject
Project("{8BC9CEB8-8B4A-11D0-8D11-00A0C91BC942}") = "libtheora-exp_enc", "..\..\lib\libtheora-exp\win32\VS2005\libtheora-exp_enc\libtheora-exp_enc.vcproj", "{DFD5C331-7555-4FE7-A861-A6A753106769}"
EndProject
Global
	GlobalSection(SolutionConfigurationPlatforms) = preSolution
		Debug|Win32 = Debug|Win32
		Release_Dynamic|Win32 = Release_Dynamic|Win32
		Release_SSE|Win32 = Release_SSE|Win32
		Release_SSE2|Win32 = Release_SSE2|Win32
		Release|Win32 = Release|Win32
	EndGlobalSection
	GlobalSection(ProjectConfigurationPlatforms) = postSolution
		{15CBFEFF-7965-41F5-B4E2-21E8795C9159}.Debug|Win32.ActiveCfg = Debug|Win32
		{15CBFEFF-7965-41F5-B4E2-21E8795C9159}.Debug|Win32.Build.0 = Debug|Win32
		{15CBFEFF-7965-41F5-B4E2-21E8795C9159}.Release_Dynamic|Win32.ActiveCfg = Release_SSE2|Win32
		{15CBFEFF-7965-41F5-B4E2-21E8795C9159}.Release_Dynamic|Win32.Build.0 = Release_SSE2|Win32
		{15CBFEFF-7965-41F5-B4E2-21E8795C9159}.Release_SSE|Win32.ActiveCfg = Release_SSE|Win32
		{15CBFEFF-7965-41F5-B4E2-21E8795C9159}.Release_SSE|Win32.Build.0 = Release_SSE|Win32
		{15CBFEFF-7965-41F5-B4E2-21E8795C9159}.Release_SSE2|Win32.ActiveCfg = Release_SSE2|Win32
		{15CBFEFF-7965-41F5-B4E2-21E8795C9159}.Release_SSE2|Win32.Build.0 = Release_SSE2|Win32
		{15CBFEFF-7965-41F5-B4E2-21E8795C9159}.Release|Win32.ActiveCfg = Release|Win32
		{15CBFEFF-7965-41F5-B4E2-21E8795C9159}.Release|Win32.Build.0 = Release|Win32
		{E972C52F-9E85-4D65-B19C-031E511E9DB4}.Debug|Win32.ActiveCfg = Debug|Win32
		{E972C52F-9E85-4D65-B19C-031E511E9DB4}.Debug|Win32.Build.0 = Debug|Win32
		{E972C52F-9E85-4D65-B19C-031E511E9DB4}.Release_Dynamic|Win32.ActiveCfg = Release_Dynamic|Win32
		{E972C52F-9E85-4D65-B19C-031E511E9DB4}.Release_Dynamic|Win32.Build.0 = Release_Dynamic|Win32
		{E972C52F-9E85-4D65-B19C-031E511E9DB4}.Release_SSE|Win32.ActiveCfg = Release_SSE|Win32
		{E972C52F-9E85-4D65-B19C-031E511E9DB4}.Release_SSE|Win32.Build.0 = Release_SSE|Win32
		{E972C52F-9E85-4D65-B19C-031E511E9DB4}.Release_SSE2|Win32.ActiveCfg = Release_SSE2|Win32
		{E972C52F-9E85-4D65-B19C-031E511E9DB4}.Release_SSE2|Win32.Build.0 = Release_SSE2|Win32
		{E972C52F-9E85-4D65-B19C-031E511E9DB4}.Release|Win32.ActiveCfg = Release|Win32
		{E972C52F-9E85-4D65-B19C-031E511E9DB4}.Release|Win32.Build.0 = Release|Win32
		{3A214E06-B95E-4D61-A291-1F8DF2EC10FD}.Debug|Win32.ActiveCfg = Debug|Win32
		{3A214E06-B95E-4D61-A291-1F8DF2EC10FD}.Debug|Win32.Build.0 = Debug|Win32
		{3A214E06-B95E-4D61-A291-1F8DF2EC10FD}.Release_Dynamic|Win32.ActiveCfg = Release_SSE2|Win32
		{3A214E06-B95E-4D61-A291-1F8DF2EC10FD}.Release_Dynamic|Win32.Build.0 = Release_SSE2|Win32
		{3A214E06-B95E-4D61-A291-1F8DF2EC10FD}.Release_SSE|Win32.ActiveCfg = Release_SSE|Win32
		{3A214E06-B95E-4D61-A291-1F8DF2EC10FD}.Release_SSE|Win32.Build.0 = Release_SSE|Win32
		{3A214E06-B95E-4D61-A291-1F8DF2EC10FD}.Release_SSE2|Win32.ActiveCfg = Release_SSE2|Win32
		{3A214E06-B95E-4D61-A291-1F8DF2EC10FD}.Release_SSE2|Win32.Build.0 = Release_SSE2|Win32
		{3A214E06-B95E-4D61-A291-1F8DF2EC10FD}.Release|Win32.ActiveCfg = Release|Win32
		{3A214E06-B95E-4D61-A291-1F8DF2EC10FD}.Release|Win32.Build.0 = Release|Win32
		{653F3841-3F26-49B9-AFCF-091DB4B67031}.Debug|Win32.ActiveCfg = Debug|Win32
		{653F3841-3F26-49B9-AFCF-091DB4B67031}.Debug|Win32.Build.0 = Debug|Win32
		{653F3841-3F26-49B9-AFCF-091DB4B67031}.Release_Dynamic|Win32.ActiveCfg = Release_SSE2|Win32
		{653F3841-3F26-49B9-AFCF-091DB4B67031}.Release_Dynamic|Win32.Build.0 = Release_SSE2|Win32
		{653F3841-3F26-49B9-AFCF-091DB4B67031}.Release_SSE|Win32.ActiveCfg = Release_SSE|Win32
		{653F3841-3F26-49B9-AFCF-091DB4B67031}.Release_SSE|Win32.Build.0 = Release_SSE|Win32
		{653F3841-3F26-49B9-AFCF-091DB4B67031}.Release_SSE2|Win32.ActiveCfg = Release_SSE2|Win32
		{653F3841-3F26-49B9-AFCF-091DB4B67031}.Release_SSE2|Win32.Build.0 = Release_SSE2|Win32
		{653F3841-3F26-49B9-AFCF-091DB4B67031}.Release|Win32.ActiveCfg = Release|Win32
		{653F3841-3F26-49B9-AFCF-091DB4B67031}.Release|Win32.Build.0 = Release|Win32
		{961B8359-1393-4EF7-B8E0-67B6FE1C6DA8}.Debug|Win32.ActiveCfg = Debug|Win32
		{961B8359-1393-4EF7-B8E0-67B6FE1C6DA8}.Debug|Win32.Build.0 = Debug|Win32
		{961B8359-1393-4EF7-B8E0-67B6FE1C6DA8}.Release_Dynamic|Win32.ActiveCfg = Release_SSE2|Win32
		{961B8359-1393-4EF7-B8E0-67B6FE1C6DA8}.Release_Dynamic|Win32.Build.0 = Release_SSE2|Win32
		{961B8359-1393-4EF7-B8E0-67B6FE1C6DA8}.Release_SSE|Win32.ActiveCfg = Release_SSE|Win32
		{961B8359-1393-4EF7-B8E0-67B6FE1C6DA8}.Release_SSE|Win32.Build.0 = Release_SSE|Win32
		{961B8359-1393-4EF7-B8E0-67B6FE1C6DA8}.Release_SSE2|Win32.ActiveCfg = Release_SSE2|Win32
		{961B8359-1393-4EF7-B8E0-67B6FE1C6DA8}.Release_SSE2|Win32.Build.0 = Release_SSE2|Win32
		{961B8359-1393-4EF7-B8E0-67B6FE1C6DA8}.Release|Win32.ActiveCfg = Release|Win32
		{961B8359-1393-4EF7-B8E0-67B6FE1C6DA8}.Release|Win32.Build.0 = Release|Win32
		{CD6043D1-D5E7-46D0-854F-00BB1BC308FC}.Debug|Win32.ActiveCfg = Debug|Win32
		{CD6043D1-D5E7-46D0-854F-00BB1BC308FC}.Release_Dynamic|Win32.ActiveCfg = Release_SSE2|Win32
		{CD6043D1-D5E7-46D0-854F-00BB1BC308FC}.Release_Dynamic|Win32.Build.0 = Release_SSE2|Win32
		{CD6043D1-D5E7-46D0-854F-00BB1BC308FC}.Release_SSE|Win32.ActiveCfg = Release_SSE|Win32
		{CD6043D1-D5E7-46D0-854F-00BB1BC308FC}.Release_SSE2|Win32.ActiveCfg = Release_SSE2|Win32
		{CD6043D1-D5E7-46D0-854F-00BB1BC308FC}.Release|Win32.ActiveCfg = Release|Win32
		{E48B6A8B-F7FE-4DA8-8248-E64DBAC4F56C}.Debug|Win32.ActiveCfg = Debug|Win32
		{E48B6A8B-F7FE-4DA8-8248-E64DBAC4F56C}.Debug|Win32.Build.0 = Debug|Win32
		{E48B6A8B-F7FE-4DA8-8248-E64DBAC4F56C}.Release_Dynamic|Win32.ActiveCfg = Release_SSE2|Win32
		{E48B6A8B-F7FE-4DA8-8248-E64DBAC4F56C}.Release_Dynamic|Win32.Build.0 = Release_SSE2|Win32
		{E48B6A8B-F7FE-4DA8-8248-E64DBAC4F56C}.Release_SSE|Win32.ActiveCfg = Release_SSE|Win32
		{E48B6A8B-F7FE-4DA8-8248-E64DBAC4F56C}.Release_SSE|Win32.Build.0 = Release_SSE|Win32
		{E48B6A8B-F7FE-4DA8-8248-E64DBAC4F56C}.Release_SSE2|Win32.ActiveCfg = Release_SSE2|Win32
		{E48B6A8B-F7FE-4DA8-8248-E64DBAC4F56C}.Release_SSE2|Win32.Build.0 = Release_SSE2|Win32
		{E48B6A8B-F7FE-4DA8-8248-E64DBAC4F56C}.Release|Win32.ActiveCfg = Release|Win32
		{E48B6A8B-F7FE-4DA8-8248-E64DBAC4F56C}.Release|Win32.Build.0 = Release|Win32
		{5833EEA1-1068-431F-A6E5-316E7DC5D90A}.Debug|Win32.ActiveCfg = Debug|Win32
		{5833EEA1-1068-431F-A6E5-316E7DC5D90A}.Debug|Win32.Build.0 = Debug|Win32
		{5833EEA1-1068-431F-A6E5-316E7DC5D90A}.Release_Dynamic|Win32.ActiveCfg = Release_SSE2|Win32
		{5833EEA1-1068-431F-A6E5-316E7DC5D90A}.Release_Dynamic|Win32.Build.0 = Release_SSE2|Win32
		{5833EEA1-1068-431F-A6E5-316E7DC5D90A}.Release_SSE|Win32.ActiveCfg = Release_SSE|Win32
		{5833EEA1-1068-431F-A6E5-316E7DC5D90A}.Release_SSE|Win32.Build.0 = Release_SSE|Win32
		{5833EEA1-1068-431F-A6E5-316E7DC5D90A}.Release_SSE2|Win32.ActiveCfg = Release_SSE2|Win32
		{5833EEA1-1068-431F-A6E5-316E7DC5D90A}.Release_SSE2|Win32.Build.0 = Release_SSE2|Win32
		{5833EEA1-1068-431F-A6E5-316E7DC5D90A}.Release|Win32.ActiveCfg = Release|Win32
		{5833EEA1-1068-431F-A6E5-316E7DC5D90A}.Release|Win32.Build.0 = Release|Win32
		{10DA267E-7738-4E7E-9C31-9D0DF49A0B96}.Debug|Win32.ActiveCfg = Debug|Win32
		{10DA267E-7738-4E7E-9C31-9D0DF49A0B96}.Debug|Win32.Build.0 = Debug|Win32
		{10DA267E-7738-4E7E-9C31-9D0DF49A0B96}.Release_Dynamic|Win32.ActiveCfg = Release|Win32
		{10DA267E-7738-4E7E-9C31-9D0DF49A0B96}.Release_Dynamic|Win32.Build.0 = Release|Win32
		{10DA267E-7738-4E7E-9C31-9D0DF49A0B96}.Release_SSE|Win32.ActiveCfg = Release|Win32
		{10DA267E-7738-4E7E-9C31-9D0DF49A0B96}.Release_SSE|Win32.Build.0 = Release|Win32
		{10DA267E-7738-4E7E-9C31-9D0DF49A0B96}.Release_SSE2|Win32.ActiveCfg = Release|Win32
		{10DA267E-7738-4E7E-9C31-9D0DF49A0B96}.Release_SSE2|Win32.Build.0 = Release|Win32
		{10DA267E-7738-4E7E-9C31-9D0DF49A0B96}.Release|Win32.ActiveCfg = Release|Win32
		{10DA267E-7738-4E7E-9C31-9D0DF49A0B96}.Release|Win32.Build.0 = Release|Win32
		{851A5E6A-C2D8-44C4-A7AC-A5F7E2001FA9}.Debug|Win32.ActiveCfg = Debug|Win32
		{851A5E6A-C2D8-44C4-A7AC-A5F7E2001FA9}.Debug|Win32.Build.0 = Debug|Win32
		{851A5E6A-C2D8-44C4-A7AC-A5F7E2001FA9}.Release_Dynamic|Win32.ActiveCfg = Release|Win32
		{851A5E6A-C2D8-44C4-A7AC-A5F7E2001FA9}.Release_Dynamic|Win32.Build.0 = Release|Win32
		{851A5E6A-C2D8-44C4-A7AC-A5F7E2001FA9}.Release_SSE|Win32.ActiveCfg = Release|Win32
		{851A5E6A-C2D8-44C4-A7AC-A5F7E2001FA9}.Release_SSE|Win32.Build.0 = Release|Win32
		{851A5E6A-C2D8-44C4-A7AC-A5F7E2001FA9}.Release_SSE2|Win32.ActiveCfg = Release|Win32
		{851A5E6A-C2D8-44C4-A7AC-A5F7E2001FA9}.Release_SSE2|Win32.Build.0 = Release|Win32
		{851A5E6A-C2D8-44C4-A7AC-A5F7E2001FA9}.Release|Win32.ActiveCfg = Release|Win32
		{851A5E6A-C2D8-44C4-A7AC-A5F7E2001FA9}.Release|Win32.Build.0 = Release|Win32
		{D60948A2-4781-435B-9609-786C0B564DBD}.Debug|Win32.ActiveCfg = Debug|Win32
		{D60948A2-4781-435B-9609-786C0B564DBD}.Debug|Win32.Build.0 = Debug|Win32
		{D60948A2-4781-435B-9609-786C0B564DBD}.Release_Dynamic|Win32.ActiveCfg = Release|Win32
		{D60948A2-4781-435B-9609-786C0B564DBD}.Release_Dynamic|Win32.Build.0 = Release|Win32
		{D60948A2-4781-435B-9609-786C0B564DBD}.Release_SSE|Win32.ActiveCfg = Release|Win32
		{D60948A2-4781-435B-9609-786C0B564DBD}.Release_SSE|Win32.Build.0 = Release|Win32
		{D60948A2-4781-435B-9609-786C0B564DBD}.Release_SSE2|Win32.ActiveCfg = Release|Win32
		{D60948A2-4781-435B-9609-786C0B564DBD}.Release_SSE2|Win32.Build.0 = Release|Win32
		{D60948A2-4781-435B-9609-786C0B564DBD}.Release|Win32.ActiveCfg = Release|Win32
		{D60948A2-4781-435B-9609-786C0B564DBD}.Release|Win32.Build.0 = Release|Win32
		{D01454C5-2C94-45E1-917C-1C5CBC6990A0}.Debug|Win32.ActiveCfg = Debug|Win32
		{D01454C5-2C94-45E1-917C-1C5CBC6990A0}.Debug|Win32.Build.0 = Debug|Win32
		{D01454C5-2C94-45E1-917C-1C5CBC6990A0}.Release_Dynamic|Win32.ActiveCfg = Release|Win32
		{D01454C5-2C94-45E1-917C-1C5CBC6990A0}.Release_Dynamic|Win32.Build.0 = Release|Win32
		{D01454C5-2C94-45E1-917C-1C5CBC6990A0}.Release_SSE|Win32.ActiveCfg = Release|Win32
		{D01454C5-2C94-45E1-917C-1C5CBC6990A0}.Release_SSE|Win32.Build.0 = Release|Win32
		{D01454C5-2C94-45E1-917C-1C5CBC6990A0}.Release_SSE2|Win32.ActiveCfg = Release|Win32
		{D01454C5-2C94-45E1-917C-1C5CBC6990A0}.Release_SSE2|Win32.Build.0 = Release|Win32
		{D01454C5-2C94-45E1-917C-1C5CBC6990A0}.Release|Win32.ActiveCfg = Release|Win32
		{D01454C5-2C94-45E1-917C-1C5CBC6990A0}.Release|Win32.Build.0 = Release|Win32
		{CEBDE98B-A6AA-46E6-BC79-FAAF823DB9EC}.Debug|Win32.ActiveCfg = Debug|Win32
		{CEBDE98B-A6AA-46E6-BC79-FAAF823DB9EC}.Debug|Win32.Build.0 = Debug|Win32
		{CEBDE98B-A6AA-46E6-BC79-FAAF823DB9EC}.Release_Dynamic|Win32.ActiveCfg = Release|Win32
		{CEBDE98B-A6AA-46E6-BC79-FAAF823DB9EC}.Release_Dynamic|Win32.Build.0 = Release|Win32
		{CEBDE98B-A6AA-46E6-BC79-FAAF823DB9EC}.Release_SSE|Win32.ActiveCfg = Release|Win32
		{CEBDE98B-A6AA-46E6-BC79-FAAF823DB9EC}.Release_SSE|Win32.Build.0 = Release|Win32
		{CEBDE98B-A6AA-46E6-BC79-FAAF823DB9EC}.Release_SSE2|Win32.ActiveCfg = Release|Win32
		{CEBDE98B-A6AA-46E6-BC79-FAAF823DB9EC}.Release_SSE2|Win32.Build.0 = Release|Win32
		{CEBDE98B-A6AA-46E6-BC79-FAAF823DB9EC}.Release|Win32.ActiveCfg = Release|Win32
		{CEBDE98B-A6AA-46E6-BC79-FAAF823DB9EC}.Release|Win32.Build.0 = Release|Win32
		{A0CB6805-D31A-43E8-934A-8428180102A6}.Debug|Win32.ActiveCfg = Debug|Win32
		{A0CB6805-D31A-43E8-934A-8428180102A6}.Debug|Win32.Build.0 = Debug|Win32
		{A0CB6805-D31A-43E8-934A-8428180102A6}.Release_Dynamic|Win32.ActiveCfg = Release|Win32
		{A0CB6805-D31A-43E8-934A-8428180102A6}.Release_Dynamic|Win32.Build.0 = Release|Win32
		{A0CB6805-D31A-43E8-934A-8428180102A6}.Release_SSE|Win32.ActiveCfg = Release|Win32
		{A0CB6805-D31A-43E8-934A-8428180102A6}.Release_SSE|Win32.Build.0 = Release|Win32
		{A0CB6805-D31A-43E8-934A-8428180102A6}.Release_SSE2|Win32.ActiveCfg = Release|Win32
		{A0CB6805-D31A-43E8-934A-8428180102A6}.Release_SSE2|Win32.Build.0 = Release|Win32
		{A0CB6805-D31A-43E8-934A-8428180102A6}.Release|Win32.ActiveCfg = Release|Win32
		{A0CB6805-D31A-43E8-934A-8428180102A6}.Release|Win32.Build.0 = Release|Win32
		{7A8E774E-DD94-43B8-8758-6F9F656CC8D2}.Debug|Win32.ActiveCfg = Debug|Win32
		{7A8E774E-DD94-43B8-8758-6F9F656CC8D2}.Debug|Win32.Build.0 = Debug|Win32
		{7A8E774E-DD94-43B8-8758-6F9F656CC8D2}.Release_Dynamic|Win32.ActiveCfg = Release|Win32
		{7A8E774E-DD94-43B8-8758-6F9F656CC8D2}.Release_Dynamic|Win32.Build.0 = Release|Win32
		{7A8E774E-DD94-43B8-8758-6F9F656CC8D2}.Release_SSE|Win32.ActiveCfg = Release|Win32
		{7A8E774E-DD94-43B8-8758-6F9F656CC8D2}.Release_SSE|Win32.Build.0 = Release|Win32
		{7A8E774E-DD94-43B8-8758-6F9F656CC8D2}.Release_SSE2|Win32.ActiveCfg = Release|Win32
		{7A8E774E-DD94-43B8-8758-6F9F656CC8D2}.Release_SSE2|Win32.Build.0 = Release|Win32
		{7A8E774E-DD94-43B8-8758-6F9F656CC8D2}.Release|Win32.ActiveCfg = Release|Win32
		{7A8E774E-DD94-43B8-8758-6F9F656CC8D2}.Release|Win32.Build.0 = Release|Win32
		{A95E7EE6-21EB-4D62-A26F-95A2F5F069C5}.Debug|Win32.ActiveCfg = Debug|Win32
		{A95E7EE6-21EB-4D62-A26F-95A2F5F069C5}.Debug|Win32.Build.0 = Debug|Win32
		{A95E7EE6-21EB-4D62-A26F-95A2F5F069C5}.Release_Dynamic|Win32.ActiveCfg = Release|Win32
		{A95E7EE6-21EB-4D62-A26F-95A2F5F069C5}.Release_Dynamic|Win32.Build.0 = Release|Win32
		{A95E7EE6-21EB-4D62-A26F-95A2F5F069C5}.Release_SSE|Win32.ActiveCfg = Release|Win32
		{A95E7EE6-21EB-4D62-A26F-95A2F5F069C5}.Release_SSE|Win32.Build.0 = Release|Win32
		{A95E7EE6-21EB-4D62-A26F-95A2F5F069C5}.Release_SSE2|Win32.ActiveCfg = Release|Win32
		{A95E7EE6-21EB-4D62-A26F-95A2F5F069C5}.Release_SSE2|Win32.Build.0 = Release|Win32
		{A95E7EE6-21EB-4D62-A26F-95A2F5F069C5}.Release|Win32.ActiveCfg = Release|Win32
		{A95E7EE6-21EB-4D62-A26F-95A2F5F069C5}.Release|Win32.Build.0 = Release|Win32
		{DFD5C331-7555-4FE7-A861-A6A753106769}.Debug|Win32.ActiveCfg = Debug|Win32
		{DFD5C331-7555-4FE7-A861-A6A753106769}.Debug|Win32.Build.0 = Debug|Win32
		{DFD5C331-7555-4FE7-A861-A6A753106769}.Release_Dynamic|Win32.ActiveCfg = Release|Win32
		{DFD5C331-7555-4FE7-A861-A6A753106769}.Release_Dynamic|Win32.Build.0 = Release|Win32
		{DFD5C331-7555-4FE7-A861-A6A753106769}.Release_SSE|Win32.ActiveCfg = Release|Win32
		{DFD5C331-7555-4FE7-A861-A6A753106769}.Release_SSE|Win32.Build.0 = Release|Win32
		{DFD5C331-7555-4FE7-A861-A6A753106769}.Release_SSE2|Win32.ActiveCfg = Release|Win32
		{DFD5C331-7555-4FE7-A861-A6A753106769}.Release_SSE2|Win32.Build.0 = Release|Win32
		{DFD5C331-7555-4FE7-A861-A6A753106769}.Release|Win32.ActiveCfg = Release|Win32
		{DFD5C331-7555-4FE7-A861-A6A753106769}.Release|Win32.Build.0 = Release|Win32
	EndGlobalSection
	GlobalSection(SolutionProperties) = preSolution
		HideSolutionNode = FALSE
	EndGlobalSection
EndGlobal
