Microsoft Visual Studio Solution File, Format Version 7.00
Project("{8BC9CEB8-8B4A-11D0-8D11-00A0C91BC942}") = "OggDS", "OggDS.vcproj", "{7192DB3C-A8BC-414C-9A7F-5777398D5738}"
EndProject
Project("{8BC9CEB8-8B4A-11D0-8D11-00A0C91BC942}") = "OggStream", "OggStream\OggStream.vcproj", "{61C7A0BC-7A12-4A66-95E5-11E935996A34}"
EndProject
Project("{8BC9CEB8-8B4A-11D0-8D11-00A0C91BC942}") = "ogg_dynamic", "OggSDK\ogg\win32\ogg_dynamic.vcproj", "{C25854DB-BDF1-4961-A94B-05930A800F33}"
EndProject
Project("{8BC9CEB8-8B4A-11D0-8D11-00A0C91BC942}") = "vorbis_dynamic", "OggSDK\vorbis\win32\vorbis_dynamic.vcproj", "{72BEEB37-CAAF-42E3-9D91-90CAAD6A9676}"
EndProject
Project("{8BC9CEB8-8B4A-11D0-8D11-00A0C91BC942}") = "vorbisenc_dynamic", "OggSDK\vorbis\win32\vorbisenc_dynamic.vcproj", "{D913A232-0DB4-4C92-B513-D331FFF276F0}"
EndProject
Project("{8BC9CEB8-8B4A-11D0-8D11-00A0C91BC942}") = "OggSplitterDS", "OggSplitterDS\OggSplitterDS.vcproj", "{A1569BD0-9161-4072-B2D3-59BABCC13782}"
EndProject
Project("{8BC9CEB8-8B4A-11D0-8D11-00A0C91BC942}") = "VorbEncDS", "VorbEncDS\VorbEncDS.vcproj", "{C279EFA0-1AFA-4614-8D42-C87089E8E33A}"
EndProject
Project("{8BC9CEB8-8B4A-11D0-8D11-00A0C91BC942}") = "VorbDecDS", "VorbDecDS\VorbDecDS.vcproj", "{D0C538D1-57B1-4224-9BF3-A4D60277C2CE}"
EndProject
Project("{8BC9CEB8-8B4A-11D0-8D11-00A0C91BC942}") = "OggMuxDS", "OggMuxDS\OggMuxDS.vcproj", "{1F315EE4-7C33-4576-AF1C-BC2C5BFC0BB4}"
EndProject
Project("{8BC9CEB8-8B4A-11D0-8D11-00A0C91BC942}") = "BaseClasses", "C:\Program Files\Microsoft Visual Studio .NET\Vc7\PlatformSDK\Samples\Multimedia\directshow\baseclasses\baseclasses.vcproj", "{7EBBAF2C-782A-4C63-8F11-E8F3D695D9AE}"
EndProject
Global
	GlobalSection(SolutionConfiguration) = preSolution
		ConfigName.0 = Debug
		ConfigName.1 = Release
	EndGlobalSection
	GlobalSection(ProjectDependencies) = postSolution
		{7192DB3C-A8BC-414C-9A7F-5777398D5738}.0 = {72BEEB37-CAAF-42E3-9D91-90CAAD6A9676}
		{7192DB3C-A8BC-414C-9A7F-5777398D5738}.1 = {61C7A0BC-7A12-4A66-95E5-11E935996A34}
		{7192DB3C-A8BC-414C-9A7F-5777398D5738}.2 = {1F315EE4-7C33-4576-AF1C-BC2C5BFC0BB4}
		{7192DB3C-A8BC-414C-9A7F-5777398D5738}.3 = {D0C538D1-57B1-4224-9BF3-A4D60277C2CE}
		{7192DB3C-A8BC-414C-9A7F-5777398D5738}.4 = {C279EFA0-1AFA-4614-8D42-C87089E8E33A}
		{7192DB3C-A8BC-414C-9A7F-5777398D5738}.5 = {D913A232-0DB4-4C92-B513-D331FFF276F0}
		{7192DB3C-A8BC-414C-9A7F-5777398D5738}.6 = {A1569BD0-9161-4072-B2D3-59BABCC13782}
		{7192DB3C-A8BC-414C-9A7F-5777398D5738}.7 = {7EBBAF2C-782A-4C63-8F11-E8F3D695D9AE}
		{7192DB3C-A8BC-414C-9A7F-5777398D5738}.8 = {C25854DB-BDF1-4961-A94B-05930A800F33}
		{72BEEB37-CAAF-42E3-9D91-90CAAD6A9676}.0 = {C25854DB-BDF1-4961-A94B-05930A800F33}
		{D913A232-0DB4-4C92-B513-D331FFF276F0}.0 = {C25854DB-BDF1-4961-A94B-05930A800F33}
		{D913A232-0DB4-4C92-B513-D331FFF276F0}.1 = {72BEEB37-CAAF-42E3-9D91-90CAAD6A9676}
	EndGlobalSection
	GlobalSection(ProjectConfiguration) = postSolution
		{7192DB3C-A8BC-414C-9A7F-5777398D5738}.Debug.ActiveCfg = Release|Win32
		{7192DB3C-A8BC-414C-9A7F-5777398D5738}.Debug.Build.0 = Release|Win32
		{7192DB3C-A8BC-414C-9A7F-5777398D5738}.Release.ActiveCfg = Release|Win32
		{7192DB3C-A8BC-414C-9A7F-5777398D5738}.Release.Build.0 = Release|Win32
		{61C7A0BC-7A12-4A66-95E5-11E935996A34}.Debug.ActiveCfg = Debug|Win32
		{61C7A0BC-7A12-4A66-95E5-11E935996A34}.Debug.Build.0 = Debug|Win32
		{61C7A0BC-7A12-4A66-95E5-11E935996A34}.Release.ActiveCfg = Release|Win32
		{61C7A0BC-7A12-4A66-95E5-11E935996A34}.Release.Build.0 = Release|Win32
		{C25854DB-BDF1-4961-A94B-05930A800F33}.Debug.ActiveCfg = Debug|Win32
		{C25854DB-BDF1-4961-A94B-05930A800F33}.Debug.Build.0 = Debug|Win32
		{C25854DB-BDF1-4961-A94B-05930A800F33}.Release.ActiveCfg = Release|Win32
		{C25854DB-BDF1-4961-A94B-05930A800F33}.Release.Build.0 = Release|Win32
		{72BEEB37-CAAF-42E3-9D91-90CAAD6A9676}.Debug.ActiveCfg = Debug|Win32
		{72BEEB37-CAAF-42E3-9D91-90CAAD6A9676}.Debug.Build.0 = Debug|Win32
		{72BEEB37-CAAF-42E3-9D91-90CAAD6A9676}.Release.ActiveCfg = Release|Win32
		{72BEEB37-CAAF-42E3-9D91-90CAAD6A9676}.Release.Build.0 = Release|Win32
		{D913A232-0DB4-4C92-B513-D331FFF276F0}.Debug.ActiveCfg = Debug|Win32
		{D913A232-0DB4-4C92-B513-D331FFF276F0}.Debug.Build.0 = Debug|Win32
		{D913A232-0DB4-4C92-B513-D331FFF276F0}.Release.ActiveCfg = Release|Win32
		{D913A232-0DB4-4C92-B513-D331FFF276F0}.Release.Build.0 = Release|Win32
		{A1569BD0-9161-4072-B2D3-59BABCC13782}.Debug.ActiveCfg = Release|Win32
		{A1569BD0-9161-4072-B2D3-59BABCC13782}.Debug.Build.0 = Release|Win32
		{A1569BD0-9161-4072-B2D3-59BABCC13782}.Release.ActiveCfg = Release|Win32
		{A1569BD0-9161-4072-B2D3-59BABCC13782}.Release.Build.0 = Release|Win32
		{C279EFA0-1AFA-4614-8D42-C87089E8E33A}.Debug.ActiveCfg = Release|Win32
		{C279EFA0-1AFA-4614-8D42-C87089E8E33A}.Debug.Build.0 = Release|Win32
		{C279EFA0-1AFA-4614-8D42-C87089E8E33A}.Release.ActiveCfg = Release|Win32
		{C279EFA0-1AFA-4614-8D42-C87089E8E33A}.Release.Build.0 = Release|Win32
		{D0C538D1-57B1-4224-9BF3-A4D60277C2CE}.Debug.ActiveCfg = Release|Win32
		{D0C538D1-57B1-4224-9BF3-A4D60277C2CE}.Debug.Build.0 = Release|Win32
		{D0C538D1-57B1-4224-9BF3-A4D60277C2CE}.Release.ActiveCfg = Release|Win32
		{D0C538D1-57B1-4224-9BF3-A4D60277C2CE}.Release.Build.0 = Release|Win32
		{1F315EE4-7C33-4576-AF1C-BC2C5BFC0BB4}.Debug.ActiveCfg = Release|Win32
		{1F315EE4-7C33-4576-AF1C-BC2C5BFC0BB4}.Debug.Build.0 = Release|Win32
		{1F315EE4-7C33-4576-AF1C-BC2C5BFC0BB4}.Release.ActiveCfg = Release|Win32
		{1F315EE4-7C33-4576-AF1C-BC2C5BFC0BB4}.Release.Build.0 = Release|Win32
		{7EBBAF2C-782A-4C63-8F11-E8F3D695D9AE}.Debug.ActiveCfg = Debug|Win32
		{7EBBAF2C-782A-4C63-8F11-E8F3D695D9AE}.Debug.Build.0 = Debug|Win32
		{7EBBAF2C-782A-4C63-8F11-E8F3D695D9AE}.Release.ActiveCfg = Release|Win32
		{7EBBAF2C-782A-4C63-8F11-E8F3D695D9AE}.Release.Build.0 = Release|Win32
	EndGlobalSection
	GlobalSection(ExtensibilityGlobals) = postSolution
	EndGlobalSection
	GlobalSection(ExtensibilityAddIns) = postSolution
	EndGlobalSection
EndGlobal
