// !$*UTF8*$!
{
	archiveVersion = 1;
	classes = {
	};
	objectVersion = 42;
	objects = {

/* Begin PBXBuildFile section */
		09AFFECB0A5833DE0043DDB1 /* cpu.c in Sources */ = {isa = PBXBuildFile; fileRef = 09AFFEC40A5833DE0043DDB1 /* cpu.c */; };
		09AFFECC0A5833DE0043DDB1 /* cpu.h in Headers */ = {isa = PBXBuildFile; fileRef = 09AFFEC50A5833DE0043DDB1 /* cpu.h */; };
		09AFFECD0A5833DE0043DDB1 /* mmxfrag.c in Sources */ = {isa = PBXBuildFile; fileRef = 09AFFEC60A5833DE0043DDB1 /* mmxfrag.c */; };
		09AFFECE0A5833DE0043DDB1 /* mmxidct.c in Sources */ = {isa = PBXBuildFile; fileRef = 09AFFEC70A5833DE0043DDB1 /* mmxidct.c */; };
		09AFFECF0A5833DE0043DDB1 /* mmxstate.c in Sources */ = {isa = PBXBuildFile; fileRef = 09AFFEC80A5833DE0043DDB1 /* mmxstate.c */; };
		09AFFED00A5833DE0043DDB1 /* x86int.h in Headers */ = {isa = PBXBuildFile; fileRef = 09AFFEC90A5833DE0043DDB1 /* x86int.h */; };
		09AFFED10A5833DE0043DDB1 /* x86state.c in Sources */ = {isa = PBXBuildFile; fileRef = 09AFFECA0A5833DE0043DDB1 /* x86state.c */; };
		731DDD120A0157CB00CAD2C4 /* codec.h in Headers */ = {isa = PBXBuildFile; fileRef = 731DDD100A0157CB00CAD2C4 /* codec.h */; settings = {ATTRIBUTES = (Public, ); }; };
		731DDD130A0157CB00CAD2C4 /* theoradec.h in Headers */ = {isa = PBXBuildFile; fileRef = 731DDD110A0157CB00CAD2C4 /* theoradec.h */; settings = {ATTRIBUTES = (Public, ); }; };
		731DDD290A01586000CAD2C4 /* dct.h in Headers */ = {isa = PBXBuildFile; fileRef = 731DDD170A01586000CAD2C4 /* dct.h */; };
		731DDD2A0A01586000CAD2C4 /* decinfo.c in Sources */ = {isa = PBXBuildFile; fileRef = 731DDD180A01586000CAD2C4 /* decinfo.c */; };
		731DDD2B0A01586000CAD2C4 /* decint.h in Headers */ = {isa = PBXBuildFile; fileRef = 731DDD190A01586000CAD2C4 /* decint.h */; };
		731DDD2C0A01586000CAD2C4 /* decode.c in Sources */ = {isa = PBXBuildFile; fileRef = 731DDD1A0A01586000CAD2C4 /* decode.c */; };
		731DDD2D0A01586000CAD2C4 /* dequant.c in Sources */ = {isa = PBXBuildFile; fileRef = 731DDD1B0A01586000CAD2C4 /* dequant.c */; };
		731DDD2E0A01586000CAD2C4 /* dequant.h in Headers */ = {isa = PBXBuildFile; fileRef = 731DDD1C0A01586000CAD2C4 /* dequant.h */; };
		731DDD2F0A01586000CAD2C4 /* fragment.c in Sources */ = {isa = PBXBuildFile; fileRef = 731DDD1D0A01586000CAD2C4 /* fragment.c */; };
		731DDD300A01586000CAD2C4 /* huffdec.c in Sources */ = {isa = PBXBuildFile; fileRef = 731DDD1E0A01586000CAD2C4 /* huffdec.c */; };
		731DDD310A01586000CAD2C4 /* huffdec.h in Headers */ = {isa = PBXBuildFile; fileRef = 731DDD1F0A01586000CAD2C4 /* huffdec.h */; };
		731DDD320A01586000CAD2C4 /* huffman.h in Headers */ = {isa = PBXBuildFile; fileRef = 731DDD200A01586000CAD2C4 /* huffman.h */; };
		731DDD330A01586000CAD2C4 /* idct.c in Sources */ = {isa = PBXBuildFile; fileRef = 731DDD210A01586000CAD2C4 /* idct.c */; };
		731DDD340A01586000CAD2C4 /* idct.h in Headers */ = {isa = PBXBuildFile; fileRef = 731DDD220A01586000CAD2C4 /* idct.h */; };
		731DDD350A01586000CAD2C4 /* internal.c in Sources */ = {isa = PBXBuildFile; fileRef = 731DDD230A01586000CAD2C4 /* internal.c */; };
		731DDD360A01586000CAD2C4 /* internal.h in Headers */ = {isa = PBXBuildFile; fileRef = 731DDD240A01586000CAD2C4 /* internal.h */; };
		731DDD370A01586000CAD2C4 /* ocintrin.h in Headers */ = {isa = PBXBuildFile; fileRef = 731DDD250A01586000CAD2C4 /* ocintrin.h */; };
		731DDD380A01586000CAD2C4 /* quant.c in Sources */ = {isa = PBXBuildFile; fileRef = 731DDD260A01586000CAD2C4 /* quant.c */; };
		731DDD390A01586000CAD2C4 /* quant.h in Headers */ = {isa = PBXBuildFile; fileRef = 731DDD270A01586000CAD2C4 /* quant.h */; };
		731DDD3A0A01586000CAD2C4 /* state.c in Sources */ = {isa = PBXBuildFile; fileRef = 731DDD280A01586000CAD2C4 /* state.c */; };
		731DDD3C0A01586E00CAD2C4 /* Ogg.framework in Frameworks */ = {isa = PBXBuildFile; fileRef = 731DDD3B0A01586E00CAD2C4 /* Ogg.framework */; };
		731DDD4B0A0159AF00CAD2C4 /* info.c in Sources */ = {isa = PBXBuildFile; fileRef = 731DDD4A0A0159AF00CAD2C4 /* info.c */; };
		738836DB0B1916C9005C7A69 /* decinfo.c in Sources */ = {isa = PBXBuildFile; fileRef = 731DDD180A01586000CAD2C4 /* decinfo.c */; };
		738836DC0B1916CB005C7A69 /* decode.c in Sources */ = {isa = PBXBuildFile; fileRef = 731DDD1A0A01586000CAD2C4 /* decode.c */; };
		738836DD0B1916CC005C7A69 /* dequant.c in Sources */ = {isa = PBXBuildFile; fileRef = 731DDD1B0A01586000CAD2C4 /* dequant.c */; };
		738836DE0B1916CE005C7A69 /* fragment.c in Sources */ = {isa = PBXBuildFile; fileRef = 731DDD1D0A01586000CAD2C4 /* fragment.c */; };
		738836DF0B1916CF005C7A69 /* huffdec.c in Sources */ = {isa = PBXBuildFile; fileRef = 731DDD1E0A01586000CAD2C4 /* huffdec.c */; };
		738836E00B1916D1005C7A69 /* idct.c in Sources */ = {isa = PBXBuildFile; fileRef = 731DDD210A01586000CAD2C4 /* idct.c */; };
		738836E10B1916D3005C7A69 /* info.c in Sources */ = {isa = PBXBuildFile; fileRef = 731DDD4A0A0159AF00CAD2C4 /* info.c */; };
		738836E20B1916D5005C7A69 /* internal.c in Sources */ = {isa = PBXBuildFile; fileRef = 731DDD230A01586000CAD2C4 /* internal.c */; };
		738836E30B1916D9005C7A69 /* quant.c in Sources */ = {isa = PBXBuildFile; fileRef = 731DDD260A01586000CAD2C4 /* quant.c */; };
		738836E40B1916DC005C7A69 /* state.c in Sources */ = {isa = PBXBuildFile; fileRef = 731DDD280A01586000CAD2C4 /* state.c */; };
		738836E50B1916ED005C7A69 /* cpu.c in Sources */ = {isa = PBXBuildFile; fileRef = 09AFFEC40A5833DE0043DDB1 /* cpu.c */; };
		738836E60B1916EF005C7A69 /* mmxfrag.c in Sources */ = {isa = PBXBuildFile; fileRef = 09AFFEC60A5833DE0043DDB1 /* mmxfrag.c */; };
		738836E70B1916F0005C7A69 /* mmxidct.c in Sources */ = {isa = PBXBuildFile; fileRef = 09AFFEC70A5833DE0043DDB1 /* mmxidct.c */; };
		738836E80B1916F1005C7A69 /* mmxstate.c in Sources */ = {isa = PBXBuildFile; fileRef = 09AFFEC80A5833DE0043DDB1 /* mmxstate.c */; };
		738836E90B1916F4005C7A69 /* x86state.c in Sources */ = {isa = PBXBuildFile; fileRef = 09AFFECA0A5833DE0043DDB1 /* x86state.c */; };
		8D07F2BE0486CC7A007CD1D0 /* TheoraExp_Prefix.pch in Headers */ = {isa = PBXBuildFile; fileRef = 32BAE0B70371A74B00C91783 /* TheoraExp_Prefix.pch */; };
		8D07F2C00486CC7A007CD1D0 /* InfoPlist.strings in Resources */ = {isa = PBXBuildFile; fileRef = 089C1666FE841158C02AAC07 /* InfoPlist.strings */; };
/* End PBXBuildFile section */

/* Begin PBXFileReference section */
		089C1667FE841158C02AAC07 /* English */ = {isa = PBXFileReference; fileEncoding = 10; lastKnownFileType = text.plist.strings; name = English; path = English.lproj/InfoPlist.strings; sourceTree = "<group>"; };
		09AFFEC40A5833DE0043DDB1 /* cpu.c */ = {isa = PBXFileReference; fileEncoding = 4; lastKnownFileType = sourcecode.c.c; path = cpu.c; sourceTree = "<group>"; };
		09AFFEC50A5833DE0043DDB1 /* cpu.h */ = {isa = PBXFileReference; fileEncoding = 4; lastKnownFileType = sourcecode.c.h; path = cpu.h; sourceTree = "<group>"; };
		09AFFEC60A5833DE0043DDB1 /* mmxfrag.c */ = {isa = PBXFileReference; fileEncoding = 4; lastKnownFileType = sourcecode.c.c; path = mmxfrag.c; sourceTree = "<group>"; };
		09AFFEC70A5833DE0043DDB1 /* mmxidct.c */ = {isa = PBXFileReference; fileEncoding = 4; lastKnownFileType = sourcecode.c.c; path = mmxidct.c; sourceTree = "<group>"; };
		09AFFEC80A5833DE0043DDB1 /* mmxstate.c */ = {isa = PBXFileReference; fileEncoding = 4; lastKnownFileType = sourcecode.c.c; path = mmxstate.c; sourceTree = "<group>"; };
		09AFFEC90A5833DE0043DDB1 /* x86int.h */ = {isa = PBXFileReference; fileEncoding = 4; lastKnownFileType = sourcecode.c.h; path = x86int.h; sourceTree = "<group>"; };
		09AFFECA0A5833DE0043DDB1 /* x86state.c */ = {isa = PBXFileReference; fileEncoding = 4; lastKnownFileType = sourcecode.c.c; path = x86state.c; sourceTree = "<group>"; };
		32BAE0B70371A74B00C91783 /* TheoraExp_Prefix.pch */ = {isa = PBXFileReference; fileEncoding = 4; lastKnownFileType = sourcecode.c.h; path = TheoraExp_Prefix.pch; sourceTree = "<group>"; };
		731DDD100A0157CB00CAD2C4 /* codec.h */ = {isa = PBXFileReference; fileEncoding = 30; lastKnownFileType = sourcecode.c.h; name = codec.h; path = ../include/theora/codec.h; sourceTree = SOURCE_ROOT; };
		731DDD110A0157CB00CAD2C4 /* theoradec.h */ = {isa = PBXFileReference; fileEncoding = 30; lastKnownFileType = sourcecode.c.h; name = theoradec.h; path = ../include/theora/theoradec.h; sourceTree = SOURCE_ROOT; };
		731DDD170A01586000CAD2C4 /* dct.h */ = {isa = PBXFileReference; fileEncoding = 30; lastKnownFileType = sourcecode.c.h; name = dct.h; path = ../lib/dct.h; sourceTree = SOURCE_ROOT; };
		731DDD180A01586000CAD2C4 /* decinfo.c */ = {isa = PBXFileReference; fileEncoding = 30; lastKnownFileType = sourcecode.c.c; name = decinfo.c; path = ../lib/decinfo.c; sourceTree = SOURCE_ROOT; };
		731DDD190A01586000CAD2C4 /* decint.h */ = {isa = PBXFileReference; fileEncoding = 30; lastKnownFileType = sourcecode.c.h; name = decint.h; path = ../lib/decint.h; sourceTree = SOURCE_ROOT; };
		731DDD1A0A01586000CAD2C4 /* decode.c */ = {isa = PBXFileReference; fileEncoding = 30; lastKnownFileType = sourcecode.c.c; name = decode.c; path = ../lib/decode.c; sourceTree = SOURCE_ROOT; };
		731DDD1B0A01586000CAD2C4 /* dequant.c */ = {isa = PBXFileReference; fileEncoding = 30; lastKnownFileType = sourcecode.c.c; name = dequant.c; path = ../lib/dequant.c; sourceTree = SOURCE_ROOT; };
		731DDD1C0A01586000CAD2C4 /* dequant.h */ = {isa = PBXFileReference; fileEncoding = 30; lastKnownFileType = sourcecode.c.h; name = dequant.h; path = ../lib/dequant.h; sourceTree = SOURCE_ROOT; };
		731DDD1D0A01586000CAD2C4 /* fragment.c */ = {isa = PBXFileReference; fileEncoding = 30; lastKnownFileType = sourcecode.c.c; name = fragment.c; path = ../lib/fragment.c; sourceTree = SOURCE_ROOT; };
		731DDD1E0A01586000CAD2C4 /* huffdec.c */ = {isa = PBXFileReference; fileEncoding = 30; lastKnownFileType = sourcecode.c.c; name = huffdec.c; path = ../lib/huffdec.c; sourceTree = SOURCE_ROOT; };
		731DDD1F0A01586000CAD2C4 /* huffdec.h */ = {isa = PBXFileReference; fileEncoding = 30; lastKnownFileType = sourcecode.c.h; name = huffdec.h; path = ../lib/huffdec.h; sourceTree = SOURCE_ROOT; };
		731DDD200A01586000CAD2C4 /* huffman.h */ = {isa = PBXFileReference; fileEncoding = 30; lastKnownFileType = sourcecode.c.h; name = huffman.h; path = ../lib/huffman.h; sourceTree = SOURCE_ROOT; };
		731DDD210A01586000CAD2C4 /* idct.c */ = {isa = PBXFileReference; fileEncoding = 30; lastKnownFileType = sourcecode.c.c; name = idct.c; path = ../lib/idct.c; sourceTree = SOURCE_ROOT; };
		731DDD220A01586000CAD2C4 /* idct.h */ = {isa = PBXFileReference; fileEncoding = 30; lastKnownFileType = sourcecode.c.h; name = idct.h; path = ../lib/idct.h; sourceTree = SOURCE_ROOT; };
		731DDD230A01586000CAD2C4 /* internal.c */ = {isa = PBXFileReference; fileEncoding = 30; lastKnownFileType = sourcecode.c.c; name = internal.c; path = ../lib/internal.c; sourceTree = SOURCE_ROOT; };
		731DDD240A01586000CAD2C4 /* internal.h */ = {isa = PBXFileReference; fileEncoding = 30; lastKnownFileType = sourcecode.c.h; name = internal.h; path = ../lib/internal.h; sourceTree = SOURCE_ROOT; };
		731DDD250A01586000CAD2C4 /* ocintrin.h */ = {isa = PBXFileReference; fileEncoding = 30; lastKnownFileType = sourcecode.c.h; name = ocintrin.h; path = ../lib/ocintrin.h; sourceTree = SOURCE_ROOT; };
		731DDD260A01586000CAD2C4 /* quant.c */ = {isa = PBXFileReference; fileEncoding = 30; lastKnownFileType = sourcecode.c.c; name = quant.c; path = ../lib/quant.c; sourceTree = SOURCE_ROOT; };
		731DDD270A01586000CAD2C4 /* quant.h */ = {isa = PBXFileReference; fileEncoding = 30; lastKnownFileType = sourcecode.c.h; name = quant.h; path = ../lib/quant.h; sourceTree = SOURCE_ROOT; };
		731DDD280A01586000CAD2C4 /* state.c */ = {isa = PBXFileReference; fileEncoding = 30; lastKnownFileType = sourcecode.c.c; name = state.c; path = ../lib/state.c; sourceTree = SOURCE_ROOT; };
		731DDD3B0A01586E00CAD2C4 /* Ogg.framework */ = {isa = PBXFileReference; lastKnownFileType = wrapper.framework; name = Ogg.framework; path = /Library/Frameworks/Ogg.framework; sourceTree = "<absolute>"; };
		731DDD4A0A0159AF00CAD2C4 /* info.c */ = {isa = PBXFileReference; fileEncoding = 30; lastKnownFileType = sourcecode.c.c; name = info.c; path = ../lib/info.c; sourceTree = SOURCE_ROOT; };
		738836400B191426005C7A69 /* libtheoradec.a */ = {isa = PBXFileReference; explicitFileType = archive.ar; includeInIndex = 0; path = libtheoradec.a; sourceTree = BUILT_PRODUCTS_DIR; };
		8D07F2C70486CC7A007CD1D0 /* Info.plist */ = {isa = PBXFileReference; fileEncoding = 4; lastKnownFileType = text.plist; path = Info.plist; sourceTree = "<group>"; };
		8D07F2C80486CC7A007CD1D0 /* TheoraExp.framework */ = {isa = PBXFileReference; explicitFileType = wrapper.framework; includeInIndex = 0; path = TheoraExp.framework; sourceTree = BUILT_PRODUCTS_DIR; };
/* End PBXFileReference section */

/* Begin PBXFrameworksBuildPhase section */
		7388363E0B191426005C7A69 /* Frameworks */ = {
			isa = PBXFrameworksBuildPhase;
			buildActionMask = 2147483647;
			files = (
			);
			runOnlyForDeploymentPostprocessing = 0;
		};
		8D07F2C30486CC7A007CD1D0 /* Frameworks */ = {
			isa = PBXFrameworksBuildPhase;
			buildActionMask = 2147483647;
			files = (
				731DDD3C0A01586E00CAD2C4 /* Ogg.framework in Frameworks */,
			);
			runOnlyForDeploymentPostprocessing = 0;
		};
/* End PBXFrameworksBuildPhase section */

/* Begin PBXGroup section */
		034768DDFF38A45A11DB9C8B /* Products */ = {
			isa = PBXGroup;
			children = (
				8D07F2C80486CC7A007CD1D0 /* TheoraExp.framework */,
				738836400B191426005C7A69 /* libtheoradec.a */,
			);
			name = Products;
			sourceTree = "<group>";
		};
		0867D691FE84028FC02AAC07 /* TheoraExp */ = {
			isa = PBXGroup;
			children = (
				08FB77ACFE841707C02AAC07 /* Source */,
				089C1665FE841158C02AAC07 /* Resources */,
				0867D69AFE84028FC02AAC07 /* External Frameworks and Libraries */,
				034768DDFF38A45A11DB9C8B /* Products */,
			);
			name = TheoraExp;
			sourceTree = "<group>";
		};
		0867D69AFE84028FC02AAC07 /* External Frameworks and Libraries */ = {
			isa = PBXGroup;
			children = (
				731DDD3B0A01586E00CAD2C4 /* Ogg.framework */,
			);
			name = "External Frameworks and Libraries";
			sourceTree = "<group>";
		};
		089C1665FE841158C02AAC07 /* Resources */ = {
			isa = PBXGroup;
			children = (
				8D07F2C70486CC7A007CD1D0 /* Info.plist */,
				089C1666FE841158C02AAC07 /* InfoPlist.strings */,
			);
			name = Resources;
			sourceTree = "<group>";
		};
		08FB77ACFE841707C02AAC07 /* Source */ = {
			isa = PBXGroup;
			children = (
				09AFFEC30A5833DE0043DDB1 /* x86 */,
				731DDD4A0A0159AF00CAD2C4 /* info.c */,
				731DDD170A01586000CAD2C4 /* dct.h */,
				731DDD180A01586000CAD2C4 /* decinfo.c */,
				731DDD190A01586000CAD2C4 /* decint.h */,
				731DDD1A0A01586000CAD2C4 /* decode.c */,
				731DDD1B0A01586000CAD2C4 /* dequant.c */,
				731DDD1C0A01586000CAD2C4 /* dequant.h */,
				731DDD1D0A01586000CAD2C4 /* fragment.c */,
				731DDD1E0A01586000CAD2C4 /* huffdec.c */,
				731DDD1F0A01586000CAD2C4 /* huffdec.h */,
				731DDD200A01586000CAD2C4 /* huffman.h */,
				731DDD210A01586000CAD2C4 /* idct.c */,
				731DDD220A01586000CAD2C4 /* idct.h */,
				731DDD230A01586000CAD2C4 /* internal.c */,
				731DDD240A01586000CAD2C4 /* internal.h */,
				731DDD250A01586000CAD2C4 /* ocintrin.h */,
				731DDD260A01586000CAD2C4 /* quant.c */,
				731DDD270A01586000CAD2C4 /* quant.h */,
				731DDD280A01586000CAD2C4 /* state.c */,
				731DDD100A0157CB00CAD2C4 /* codec.h */,
				731DDD110A0157CB00CAD2C4 /* theoradec.h */,
				32BAE0B70371A74B00C91783 /* TheoraExp_Prefix.pch */,
			);
			name = Source;
			sourceTree = "<group>";
		};
		09AFFEC30A5833DE0043DDB1 /* x86 */ = {
			isa = PBXGroup;
			children = (
				09AFFEC40A5833DE0043DDB1 /* cpu.c */,
				09AFFEC50A5833DE0043DDB1 /* cpu.h */,
				09AFFEC60A5833DE0043DDB1 /* mmxfrag.c */,
				09AFFEC70A5833DE0043DDB1 /* mmxidct.c */,
				09AFFEC80A5833DE0043DDB1 /* mmxstate.c */,
				09AFFEC90A5833DE0043DDB1 /* x86int.h */,
				09AFFECA0A5833DE0043DDB1 /* x86state.c */,
			);
			name = x86;
			path = ../lib/x86;
			sourceTree = SOURCE_ROOT;
		};
/* End PBXGroup section */

/* Begin PBXHeadersBuildPhase section */
		7388363C0B191426005C7A69 /* Headers */ = {
			isa = PBXHeadersBuildPhase;
			buildActionMask = 2147483647;
			files = (
			);
			runOnlyForDeploymentPostprocessing = 0;
		};
		8D07F2BD0486CC7A007CD1D0 /* Headers */ = {
			isa = PBXHeadersBuildPhase;
			buildActionMask = 2147483647;
			files = (
				8D07F2BE0486CC7A007CD1D0 /* TheoraExp_Prefix.pch in Headers */,
				731DDD120A0157CB00CAD2C4 /* codec.h in Headers */,
				731DDD130A0157CB00CAD2C4 /* theoradec.h in Headers */,
				731DDD290A01586000CAD2C4 /* dct.h in Headers */,
				731DDD2B0A01586000CAD2C4 /* decint.h in Headers */,
				731DDD2E0A01586000CAD2C4 /* dequant.h in Headers */,
				731DDD310A01586000CAD2C4 /* huffdec.h in Headers */,
				731DDD320A01586000CAD2C4 /* huffman.h in Headers */,
				731DDD340A01586000CAD2C4 /* idct.h in Headers */,
				731DDD360A01586000CAD2C4 /* internal.h in Headers */,
				731DDD370A01586000CAD2C4 /* ocintrin.h in Headers */,
				731DDD390A01586000CAD2C4 /* quant.h in Headers */,
				09AFFECC0A5833DE0043DDB1 /* cpu.h in Headers */,
				09AFFED00A5833DE0043DDB1 /* x86int.h in Headers */,
			);
			runOnlyForDeploymentPostprocessing = 0;
		};
/* End PBXHeadersBuildPhase section */

/* Begin PBXNativeTarget section */
		7388363F0B191426005C7A69 /* libtheoradec (static) */ = {
			isa = PBXNativeTarget;
			buildConfigurationList = 738836410B19144F005C7A69 /* Build configuration list for PBXNativeTarget "libtheoradec (static)" */;
			buildPhases = (
				7388363C0B191426005C7A69 /* Headers */,
				7388363D0B191426005C7A69 /* Sources */,
				7388363E0B191426005C7A69 /* Frameworks */,
			);
			buildRules = (
			);
			dependencies = (
			);
			name = "libtheoradec (static)";
			productName = theoradec;
			productReference = 738836400B191426005C7A69 /* libtheoradec.a */;
			productType = "com.apple.product-type.library.static";
		};
		8D07F2BC0486CC7A007CD1D0 /* TheoraExp */ = {
			isa = PBXNativeTarget;
			buildConfigurationList = 4FADC24208B4156D00ABE55E /* Build configuration list for PBXNativeTarget "TheoraExp" */;
			buildPhases = (
				8D07F2BD0486CC7A007CD1D0 /* Headers */,
				8D07F2BF0486CC7A007CD1D0 /* Resources */,
				8D07F2C10486CC7A007CD1D0 /* Sources */,
				8D07F2C30486CC7A007CD1D0 /* Frameworks */,
				8D07F2C50486CC7A007CD1D0 /* Rez */,
			);
			buildRules = (
			);
			dependencies = (
			);
			name = TheoraExp;
			productInstallPath = "$(HOME)/Library/Frameworks";
			productName = TheoraExp;
			productReference = 8D07F2C80486CC7A007CD1D0 /* TheoraExp.framework */;
			productType = "com.apple.product-type.framework";
		};
/* End PBXNativeTarget section */

/* Begin PBXProject section */
		0867D690FE84028FC02AAC07 /* Project object */ = {
			isa = PBXProject;
			buildConfigurationList = 4FADC24608B4156D00ABE55E /* Build configuration list for PBXProject "TheoraExp" */;
			hasScannedForEncodings = 1;
			mainGroup = 0867D691FE84028FC02AAC07 /* TheoraExp */;
			productRefGroup = 034768DDFF38A45A11DB9C8B /* Products */;
			projectDirPath = "";
			targets = (
				8D07F2BC0486CC7A007CD1D0 /* TheoraExp */,
				7388363F0B191426005C7A69 /* libtheoradec (static) */,
			);
		};
/* End PBXProject section */

/* Begin PBXResourcesBuildPhase section */
		8D07F2BF0486CC7A007CD1D0 /* Resources */ = {
			isa = PBXResourcesBuildPhase;
			buildActionMask = 2147483647;
			files = (
				8D07F2C00486CC7A007CD1D0 /* InfoPlist.strings in Resources */,
			);
			runOnlyForDeploymentPostprocessing = 0;
		};
/* End PBXResourcesBuildPhase section */

/* Begin PBXRezBuildPhase section */
		8D07F2C50486CC7A007CD1D0 /* Rez */ = {
			isa = PBXRezBuildPhase;
			buildActionMask = 2147483647;
			files = (
			);
			runOnlyForDeploymentPostprocessing = 0;
		};
/* End PBXRezBuildPhase section */

/* Begin PBXSourcesBuildPhase section */
		7388363D0B191426005C7A69 /* Sources */ = {
			isa = PBXSourcesBuildPhase;
			buildActionMask = 2147483647;
			files = (
				738836DB0B1916C9005C7A69 /* decinfo.c in Sources */,
				738836DC0B1916CB005C7A69 /* decode.c in Sources */,
				738836DD0B1916CC005C7A69 /* dequant.c in Sources */,
				738836DE0B1916CE005C7A69 /* fragment.c in Sources */,
				738836DF0B1916CF005C7A69 /* huffdec.c in Sources */,
				738836E00B1916D1005C7A69 /* idct.c in Sources */,
				738836E10B1916D3005C7A69 /* info.c in Sources */,
				738836E20B1916D5005C7A69 /* internal.c in Sources */,
				738836E30B1916D9005C7A69 /* quant.c in Sources */,
				738836E40B1916DC005C7A69 /* state.c in Sources */,
				738836E50B1916ED005C7A69 /* cpu.c in Sources */,
				738836E60B1916EF005C7A69 /* mmxfrag.c in Sources */,
				738836E70B1916F0005C7A69 /* mmxidct.c in Sources */,
				738836E80B1916F1005C7A69 /* mmxstate.c in Sources */,
				738836E90B1916F4005C7A69 /* x86state.c in Sources */,
			);
			runOnlyForDeploymentPostprocessing = 0;
		};
		8D07F2C10486CC7A007CD1D0 /* Sources */ = {
			isa = PBXSourcesBuildPhase;
			buildActionMask = 2147483647;
			files = (
				731DDD2A0A01586000CAD2C4 /* decinfo.c in Sources */,
				731DDD2C0A01586000CAD2C4 /* decode.c in Sources */,
				731DDD2D0A01586000CAD2C4 /* dequant.c in Sources */,
				731DDD2F0A01586000CAD2C4 /* fragment.c in Sources */,
				731DDD300A01586000CAD2C4 /* huffdec.c in Sources */,
				731DDD330A01586000CAD2C4 /* idct.c in Sources */,
				731DDD350A01586000CAD2C4 /* internal.c in Sources */,
				731DDD380A01586000CAD2C4 /* quant.c in Sources */,
				731DDD3A0A01586000CAD2C4 /* state.c in Sources */,
				731DDD4B0A0159AF00CAD2C4 /* info.c in Sources */,
				09AFFECB0A5833DE0043DDB1 /* cpu.c in Sources */,
				09AFFECD0A5833DE0043DDB1 /* mmxfrag.c in Sources */,
				09AFFECE0A5833DE0043DDB1 /* mmxidct.c in Sources */,
				09AFFECF0A5833DE0043DDB1 /* mmxstate.c in Sources */,
				09AFFED10A5833DE0043DDB1 /* x86state.c in Sources */,
			);
			runOnlyForDeploymentPostprocessing = 0;
		};
/* End PBXSourcesBuildPhase section */

/* Begin PBXVariantGroup section */
		089C1666FE841158C02AAC07 /* InfoPlist.strings */ = {
			isa = PBXVariantGroup;
			children = (
				089C1667FE841158C02AAC07 /* English */,
			);
			name = InfoPlist.strings;
			sourceTree = "<group>";
		};
/* End PBXVariantGroup section */

/* Begin XCBuildConfiguration section */
		4FADC24308B4156D00ABE55E /* Debug */ = {
			isa = XCBuildConfiguration;
			buildSettings = {
				COPY_PHASE_STRIP = NO;
				DYLIB_COMPATIBILITY_VERSION = 1;
				DYLIB_CURRENT_VERSION = 1;
				FRAMEWORK_VERSION = A;
				GCC_DYNAMIC_NO_PIC = NO;
				GCC_ENABLE_FIX_AND_CONTINUE = YES;
				GCC_OPTIMIZATION_LEVEL = 0;
				GCC_PRECOMPILE_PREFIX_HEADER = YES;
				GCC_PREFIX_HEADER = TheoraExp_Prefix.pch;
				INFOPLIST_FILE = Info.plist;
				INSTALL_PATH = /Library/Frameworks;
				LIBRARY_STYLE = DYNAMIC;
				MACH_O_TYPE = mh_dylib;
				PRODUCT_NAME = TheoraExp;
				WRAPPER_EXTENSION = framework;
				ZERO_LINK = YES;
			};
			name = Debug;
		};
		4FADC24408B4156D00ABE55E /* Release */ = {
			isa = XCBuildConfiguration;
			buildSettings = {
				ARCHS = (
					ppc,
					i386,
				);
				DYLIB_COMPATIBILITY_VERSION = 1;
				DYLIB_CURRENT_VERSION = 1;
				FRAMEWORK_VERSION = A;
				GCC_GENERATE_DEBUGGING_SYMBOLS = NO;
				GCC_PRECOMPILE_PREFIX_HEADER = YES;
				GCC_PREFIX_HEADER = TheoraExp_Prefix.pch;
				INFOPLIST_FILE = Info.plist;
				INSTALL_PATH = /Library/Frameworks;
				LIBRARY_STYLE = DYNAMIC;
				MACH_O_TYPE = mh_dylib;
				PRODUCT_NAME = TheoraExp;
				WRAPPER_EXTENSION = framework;
			};
			name = Release;
		};
		4FADC24708B4156D00ABE55E /* Debug */ = {
			isa = XCBuildConfiguration;
			buildSettings = {
				FRAMEWORK_SEARCH_PATHS = (
					"$(FRAMEWORK_SEARCH_PATHS)",
					/Library/Frameworks,
				);
				GCC_PREPROCESSOR_DEFINITIONS = (
					"$(GCC_PREPROCESSOR_DEFINITIONS)",
					__MACOSX__,
				);
				GCC_WARN_ABOUT_RETURN_TYPE = YES;
				GCC_WARN_UNUSED_VARIABLE = YES;
				HEADER_SEARCH_PATHS = (
					"$(HEADER_SEARCH_PATHS)",
					../include,
				);
				PER_ARCH_CFLAGS_i386 = "-DOC_X86ASM";
				PER_ARCH_CFLAGS_ppc = "";
				PREBINDING = NO;
				SDKROOT = /Developer/SDKs/MacOSX10.4u.sdk;
			};
			name = Debug;
		};
		4FADC24808B4156D00ABE55E /* Release */ = {
			isa = XCBuildConfiguration;
			buildSettings = {
				ARCHS = (
					ppc,
					i386,
				);
				FRAMEWORK_SEARCH_PATHS = (
					"$(FRAMEWORK_SEARCH_PATHS)",
					/Library/Frameworks,
				);
				GCC_OPTIMIZATION_LEVEL = 3;
				GCC_PREPROCESSOR_DEFINITIONS = (
					"$(GCC_PREPROCESSOR_DEFINITIONS)",
					__MACOSX__,
				);
				GCC_WARN_ABOUT_RETURN_TYPE = YES;
				GCC_WARN_UNUSED_VARIABLE = YES;
				HEADER_SEARCH_PATHS = (
					"$(HEADER_SEARCH_PATHS)",
					../include,
				);
				OTHER_CFLAGS = (
					"$(OTHER_CFLAGS)",
					"-falign-loops=16",
					"-fforce-addr",
					"-fomit-frame-pointer",
				);
				PER_ARCH_CFLAGS_i386 = "-DOC_X86ASM";
				PER_ARCH_CFLAGS_ppc = "";
				PREBINDING = NO;
				SDKROOT = /Developer/SDKs/MacOSX10.4u.sdk;
			};
			name = Release;
		};
		738836420B19144F005C7A69 /* Debug */ = {
			isa = XCBuildConfiguration;
			buildSettings = {
				COPY_PHASE_STRIP = NO;
				GCC_DYNAMIC_NO_PIC = NO;
				GCC_ENABLE_FIX_AND_CONTINUE = YES;
				GCC_GENERATE_DEBUGGING_SYMBOLS = YES;
				GCC_OPTIMIZATION_LEVEL = 0;
				HEADER_SEARCH_PATHS = (
					"$(inherited)",
					../../ogg/include,
				);
				INSTALL_PATH = /usr/local/lib;
				PER_ARCH_CFLAGS_i386 = "-DOC_X86ASM";
				PER_ARCH_CFLAGS_ppc = "";
				PREBINDING = NO;
				PRODUCT_NAME = theoradec;
				ZERO_LINK = YES;
			};
			name = Debug;
		};
		738836430B19144F005C7A69 /* Release */ = {
			isa = XCBuildConfiguration;
			buildSettings = {
				COPY_PHASE_STRIP = YES;
				GCC_ENABLE_FIX_AND_CONTINUE = NO;
				GCC_GENERATE_DEBUGGING_SYMBOLS = NO;
				HEADER_SEARCH_PATHS = (
					"$(inherited)",
					../../ogg/include,
				);
				INSTALL_PATH = /usr/local/lib;
				PER_ARCH_CFLAGS_i386 = "-DOC_X86ASM";
				PER_ARCH_CFLAGS_ppc = "";
				PREBINDING = NO;
				PRODUCT_NAME = theoradec;
				ZERO_LINK = NO;
			};
			name = Release;
		};
/* End XCBuildConfiguration section */

/* Begin XCConfigurationList section */
		4FADC24208B4156D00ABE55E /* Build configuration list for PBXNativeTarget "TheoraExp" */ = {
			isa = XCConfigurationList;
			buildConfigurations = (
				4FADC24308B4156D00ABE55E /* Debug */,
				4FADC24408B4156D00ABE55E /* Release */,
			);
			defaultConfigurationIsVisible = 0;
			defaultConfigurationName = Release;
		};
		4FADC24608B4156D00ABE55E /* Build configuration list for PBXProject "TheoraExp" */ = {
			isa = XCConfigurationList;
			buildConfigurations = (
				4FADC24708B4156D00ABE55E /* Debug */,
				4FADC24808B4156D00ABE55E /* Release */,
			);
			defaultConfigurationIsVisible = 0;
			defaultConfigurationName = Release;
		};
		738836410B19144F005C7A69 /* Build configuration list for PBXNativeTarget "libtheoradec (static)" */ = {
			isa = XCConfigurationList;
			buildConfigurations = (
				738836420B19144F005C7A69 /* Debug */,
				738836430B19144F005C7A69 /* Release */,
			);
			defaultConfigurationIsVisible = 0;
			defaultConfigurationName = Release;
		};
/* End XCConfigurationList section */
	};
	rootObject = 0867D690FE84028FC02AAC07 /* Project object */;
}
